
Microsoft Visual Studio Solution File, Format Version 12.00
# Visual Studio Version 16
VisualStudioVersion = 16.0.29424.173
MinimumVisualStudioVersion = 10.0.40219.1
Project("{8BC9CEB8-8B4A-11D0-8D11-00A0C91BC942}") = "DCAM4AllocMemory", "DCAM4AllocMemory\DCAM4AllocMemory.vcxproj", "{67B25442-47A5-4B26-8806-6B64DFEBF998}"
EndProject
Project("{8BC9CEB8-8B4A-11D0-8D11-00A0C91BC942}") = "DCAM4Close", "DCAM4Close\DCAM4Close.vcxproj", "{D6D503FD-E384-4355-B371-B4BE8991A241}"
EndProject
Project("{8BC9CEB8-8B4A-11D0-8D11-00A0C91BC942}") = "DCAM4CopyFrames", "DCAM4CopyFrames\DCAM4CopyFrames.vcxproj", "{862ED1A2-31D1-4B23-9627-7B8612AEBA29}"
EndProject
Project("{8BC9CEB8-8B4A-11D0-8D11-00A0C91BC942}") = "DCAM4CopyLastFrame", "DCAM4CopyLastFrame\DCAM4CopyLastFrame.vcxproj", "{3C3126E1-AA30-4343-A5E6-173085EA6C80}"
EndProject
Project("{8BC9CEB8-8B4A-11D0-8D11-00A0C91BC942}") = "DCAM4FireTrigger", "DCAM4FireTrigger\DCAM4FireTrigger.vcxproj", "{F5BC45C5-3A7C-46A4-A30C-49E19EEF04C8}"
EndProject
Project("{8BC9CEB8-8B4A-11D0-8D11-00A0C91BC942}") = "DCAM4GetCameraList", "DCAM4GetCameraList\DCAM4GetCameraList.vcxproj", "{26131E56-3F83-4570-ABD5-AA022422B483}"
EndProject
Project("{8BC9CEB8-8B4A-11D0-8D11-00A0C91BC942}") = "DCAM4GetProperty", "DCAM4GetProperty\DCAM4GetProperty.vcxproj", "{86F651FE-4722-47B2-8DD1-0906FC3EA12E}"
EndProject
Project("{8BC9CEB8-8B4A-11D0-8D11-00A0C91BC942}") = "DCAM4Init", "DCAM4Init\DCAM4Init.vcxproj", "{B1834B50-3043-413A-B1B5-698201433002}"
EndProject
Project("{8BC9CEB8-8B4A-11D0-8D11-00A0C91BC942}") = "DCAM4Open", "DCAM4Open\DCAM4Open.vcxproj", "{C802075C-6B3D-4F42-8FBF-DB5BA48092B0}"
EndProject
Project("{8BC9CEB8-8B4A-11D0-8D11-00A0C91BC942}") = "DCAM4ReleaseMemory", "DCAM4ReleaseMemory\DCAM4ReleaseMemory.vcxproj", "{98ABB8F0-DEF3-49CF-9FEC-C77130C3D1DB}"
EndProject
Project("{8BC9CEB8-8B4A-11D0-8D11-00A0C91BC942}") = "DCAM4SetProperty", "DCAM4SetProperty\DCAM4SetProperty.vcxproj", "{07FA5B94-1B95-41FB-9F51-47C6F507F4D4}"
EndProject
Project("{8BC9CEB8-8B4A-11D0-8D11-00A0C91BC942}") = "DCAM4StartCapture", "DCAM4StartCapture\DCAM4StartCapture.vcxproj", "{8E08ADE4-5F9C-41A2-A147-3E3C2A522629}"
EndProject
Project("{8BC9CEB8-8B4A-11D0-8D11-00A0C91BC942}") = "DCAM4Status", "DCAM4Status\DCAM4Status.vcxproj", "{15D66357-EC93-4CF3-9480-ECA16BA893C7}"
EndProject
Project("{8BC9CEB8-8B4A-11D0-8D11-00A0C91BC942}") = "DCAM4StopCapture", "DCAM4StopCapture\DCAM4StopCapture.vcxproj", "{E91D472D-167C-478C-A6F5-6A52458639F6}"
EndProject
Project("{8BC9CEB8-8B4A-11D0-8D11-00A0C91BC942}") = "DCAM4UnInit", "DCAM4UnInit\DCAM4UnInit.vcxproj", "{493C24E1-A8AA-4DDD-977B-0C374490D771}"
EndProject
Project("{8BC9CEB8-8B4A-11D0-8D11-00A0C91BC942}") = "DCAM4GetPropInfo", "DCAM4GetPropInfo\DCAM4GetPropInfo.vcxproj", "{FDB8597F-CBB6-4727-9B01-623684EFCF6F}"
EndProject
Project("{8BC9CEB8-8B4A-11D0-8D11-00A0C91BC942}") = "DCAM4GetPropNextID", "DCAM4GetPropNextID\DCAM4GetPropNextID.vcxproj", "{5BF81BFD-0F7D-4A40-8261-4FB81A284A55}"
EndProject
Project("{8BC9CEB8-8B4A-11D0-8D11-00A0C91BC942}") = "DCAM4GetPropValueText", "DCAM4GetPropValueText\DCAM4GetPropValueText.vcxproj", "{B7188DF4-C9D2-44DA-8DFD-0EA08AE2BD17}"
EndProject
Project("{8BC9CEB8-8B4A-11D0-8D11-00A0C91BC942}") = "DCAM4CopyFrameBundle", "DCAM4CopyFrameBundle\DCAM4CopyFrameBundle.vcxproj", "{98329529-3C12-4F7C-BCD3-8D7BE85B64A0}"
EndProject
Project("{8BC9CEB8-8B4A-11D0-8D11-00A0C91BC942}") = "DCAM4CopyLastFrameBundle", "DCAM4CopyLastFrameBundle\DCAM4CopyLastFrameBundle.vcxproj", "{A9992B97-9D0B-4A7B-9377-CCDEF3AEA99B}"
EndProject
Project("{8BC9CEB8-8B4A-11D0-8D11-00A0C91BC942}") = "DCAM4QueryValue", "DCAM4QueryValue\DCAM4QueryValue.vcxproj", "{AEED6A0A-77CF-4EE8-BF20-66B577152BCB}"
EndProject
Global
	GlobalSection(SolutionConfigurationPlatforms) = preSolution
		Debug|x64 = Debug|x64
		Debug|x86 = Debug|x86
		Release|x64 = Release|x64
		Release|x86 = Release|x86
	EndGlobalSection
	GlobalSection(ProjectConfigurationPlatforms) = postSolution
		{67B25442-47A5-4B26-8806-6B64DFEBF998}.Debug|x64.ActiveCfg = Debug|x64
		{67B25442-47A5-4B26-8806-6B64DFEBF998}.Debug|x64.Build.0 = Debug|x64
		{67B25442-47A5-4B26-8806-6B64DFEBF998}.Debug|x86.ActiveCfg = Debug|Win32
		{67B25442-47A5-4B26-8806-6B64DFEBF998}.Debug|x86.Build.0 = Debug|Win32
		{67B25442-47A5-4B26-8806-6B64DFEBF998}.Release|x64.ActiveCfg = Release|x64
		{67B25442-47A5-4B26-8806-6B64DFEBF998}.Release|x64.Build.0 = Release|x64
		{67B25442-47A5-4B26-8806-6B64DFEBF998}.Release|x86.ActiveCfg = Release|Win32
		{67B25442-47A5-4B26-8806-6B64DFEBF998}.Release|x86.Build.0 = Release|Win32
		{D6D503FD-E384-4355-B371-B4BE8991A241}.Debug|x64.ActiveCfg = Debug|x64
		{D6D503FD-E384-4355-B371-B4BE8991A241}.Debug|x64.Build.0 = Debug|x64
		{D6D503FD-E384-4355-B371-B4BE8991A241}.Debug|x86.ActiveCfg = Debug|Win32
		{D6D503FD-E384-4355-B371-B4BE8991A241}.Debug|x86.Build.0 = Debug|Win32
		{D6D503FD-E384-4355-B371-B4BE8991A241}.Release|x64.ActiveCfg = Release|x64
		{D6D503FD-E384-4355-B371-B4BE8991A241}.Release|x64.Build.0 = Release|x64
		{D6D503FD-E384-4355-B371-B4BE8991A241}.Release|x86.ActiveCfg = Release|Win32
		{D6D503FD-E384-4355-B371-B4BE8991A241}.Release|x86.Build.0 = Release|Win32
		{862ED1A2-31D1-4B23-9627-7B8612AEBA29}.Debug|x64.ActiveCfg = Debug|x64
		{862ED1A2-31D1-4B23-9627-7B8612AEBA29}.Debug|x64.Build.0 = Debug|x64
		{862ED1A2-31D1-4B23-9627-7B8612AEBA29}.Debug|x86.ActiveCfg = Debug|Win32
		{862ED1A2-31D1-4B23-9627-7B8612AEBA29}.Debug|x86.Build.0 = Debug|Win32
		{862ED1A2-31D1-4B23-9627-7B8612AEBA29}.Release|x64.ActiveCfg = Release|x64
		{862ED1A2-31D1-4B23-9627-7B8612AEBA29}.Release|x64.Build.0 = Release|x64
		{862ED1A2-31D1-4B23-9627-7B8612AEBA29}.Release|x86.ActiveCfg = Release|Win32
		{862ED1A2-31D1-4B23-9627-7B8612AEBA29}.Release|x86.Build.0 = Release|Win32
		{3C3126E1-AA30-4343-A5E6-173085EA6C80}.Debug|x64.ActiveCfg = Debug|x64
		{3C3126E1-AA30-4343-A5E6-173085EA6C80}.Debug|x64.Build.0 = Debug|x64
		{3C3126E1-AA30-4343-A5E6-173085EA6C80}.Debug|x86.ActiveCfg = Debug|Win32
		{3C3126E1-AA30-4343-A5E6-173085EA6C80}.Debug|x86.Build.0 = Debug|Win32
		{3C3126E1-AA30-4343-A5E6-173085EA6C80}.Release|x64.ActiveCfg = Release|x64
		{3C3126E1-AA30-4343-A5E6-173085EA6C80}.Release|x64.Build.0 = Release|x64
		{3C3126E1-AA30-4343-A5E6-173085EA6C80}.Release|x86.ActiveCfg = Release|Win32
		{3C3126E1-AA30-4343-A5E6-173085EA6C80}.Release|x86.Build.0 = Release|Win32
		{F5BC45C5-3A7C-46A4-A30C-49E19EEF04C8}.Debug|x64.ActiveCfg = Debug|x64
		{F5BC45C5-3A7C-46A4-A30C-49E19EEF04C8}.Debug|x64.Build.0 = Debug|x64
		{F5BC45C5-3A7C-46A4-A30C-49E19EEF04C8}.Debug|x86.ActiveCfg = Debug|Win32
		{F5BC45C5-3A7C-46A4-A30C-49E19EEF04C8}.Debug|x86.Build.0 = Debug|Win32
		{F5BC45C5-3A7C-46A4-A30C-49E19EEF04C8}.Release|x64.ActiveCfg = Release|x64
		{F5BC45C5-3A7C-46A4-A30C-49E19EEF04C8}.Release|x64.Build.0 = Release|x64
		{F5BC45C5-3A7C-46A4-A30C-49E19EEF04C8}.Release|x86.ActiveCfg = Release|Win32
		{F5BC45C5-3A7C-46A4-A30C-49E19EEF04C8}.Release|x86.Build.0 = Release|Win32
		{26131E56-3F83-4570-ABD5-AA022422B483}.Debug|x64.ActiveCfg = Debug|x64
		{26131E56-3F83-4570-ABD5-AA022422B483}.Debug|x64.Build.0 = Debug|x64
		{26131E56-3F83-4570-ABD5-AA022422B483}.Debug|x86.ActiveCfg = Debug|Win32
		{26131E56-3F83-4570-ABD5-AA022422B483}.Debug|x86.Build.0 = Debug|Win32
		{26131E56-3F83-4570-ABD5-AA022422B483}.Release|x64.ActiveCfg = Release|x64
		{26131E56-3F83-4570-ABD5-AA022422B483}.Release|x64.Build.0 = Release|x64
		{26131E56-3F83-4570-ABD5-AA022422B483}.Release|x86.ActiveCfg = Release|Win32
		{26131E56-3F83-4570-ABD5-AA022422B483}.Release|x86.Build.0 = Release|Win32
		{86F651FE-4722-47B2-8DD1-0906FC3EA12E}.Debug|x64.ActiveCfg = Debug|x64
		{86F651FE-4722-47B2-8DD1-0906FC3EA12E}.Debug|x64.Build.0 = Debug|x64
		{86F651FE-4722-47B2-8DD1-0906FC3EA12E}.Debug|x86.ActiveCfg = Debug|Win32
		{86F651FE-4722-47B2-8DD1-0906FC3EA12E}.Debug|x86.Build.0 = Debug|Win32
		{86F651FE-4722-47B2-8DD1-0906FC3EA12E}.Release|x64.ActiveCfg = Release|x64
		{86F651FE-4722-47B2-8DD1-0906FC3EA12E}.Release|x64.Build.0 = Release|x64
		{86F651FE-4722-47B2-8DD1-0906FC3EA12E}.Release|x86.ActiveCfg = Release|Win32
		{86F651FE-4722-47B2-8DD1-0906FC3EA12E}.Release|x86.Build.0 = Release|Win32
		{B1834B50-3043-413A-B1B5-698201433002}.Debug|x64.ActiveCfg = Debug|x64
		{B1834B50-3043-413A-B1B5-698201433002}.Debug|x64.Build.0 = Debug|x64
		{B1834B50-3043-413A-B1B5-698201433002}.Debug|x86.ActiveCfg = Debug|Win32
		{B1834B50-3043-413A-B1B5-698201433002}.Debug|x86.Build.0 = Debug|Win32
		{B1834B50-3043-413A-B1B5-698201433002}.Release|x64.ActiveCfg = Release|x64
		{B1834B50-3043-413A-B1B5-698201433002}.Release|x64.Build.0 = Release|x64
		{B1834B50-3043-413A-B1B5-698201433002}.Release|x86.ActiveCfg = Release|Win32
		{B1834B50-3043-413A-B1B5-698201433002}.Release|x86.Build.0 = Release|Win32
		{C802075C-6B3D-4F42-8FBF-DB5BA48092B0}.Debug|x64.ActiveCfg = Debug|x64
		{C802075C-6B3D-4F42-8FBF-DB5BA48092B0}.Debug|x64.Build.0 = Debug|x64
		{C802075C-6B3D-4F42-8FBF-DB5BA48092B0}.Debug|x86.ActiveCfg = Debug|Win32
		{C802075C-6B3D-4F42-8FBF-DB5BA48092B0}.Debug|x86.Build.0 = Debug|Win32
		{C802075C-6B3D-4F42-8FBF-DB5BA48092B0}.Release|x64.ActiveCfg = Release|x64
		{C802075C-6B3D-4F42-8FBF-DB5BA48092B0}.Release|x64.Build.0 = Release|x64
		{C802075C-6B3D-4F42-8FBF-DB5BA48092B0}.Release|x86.ActiveCfg = Release|Win32
		{C802075C-6B3D-4F42-8FBF-DB5BA48092B0}.Release|x86.Build.0 = Release|Win32
		{98ABB8F0-DEF3-49CF-9FEC-C77130C3D1DB}.Debug|x64.ActiveCfg = Debug|x64
		{98ABB8F0-DEF3-49CF-9FEC-C77130C3D1DB}.Debug|x64.Build.0 = Debug|x64
		{98ABB8F0-DEF3-49CF-9FEC-C77130C3D1DB}.Debug|x86.ActiveCfg = Debug|Win32
		{98ABB8F0-DEF3-49CF-9FEC-C77130C3D1DB}.Debug|x86.Build.0 = Debug|Win32
		{98ABB8F0-DEF3-49CF-9FEC-C77130C3D1DB}.Release|x64.ActiveCfg = Release|x64
		{98ABB8F0-DEF3-49CF-9FEC-C77130C3D1DB}.Release|x64.Build.0 = Release|x64
		{98ABB8F0-DEF3-49CF-9FEC-C77130C3D1DB}.Release|x86.ActiveCfg = Release|Win32
		{98ABB8F0-DEF3-49CF-9FEC-C77130C3D1DB}.Release|x86.Build.0 = Release|Win32
		{07FA5B94-1B95-41FB-9F51-47C6F507F4D4}.Debug|x64.ActiveCfg = Debug|x64
		{07FA5B94-1B95-41FB-9F51-47C6F507F4D4}.Debug|x64.Build.0 = Debug|x64
		{07FA5B94-1B95-41FB-9F51-47C6F507F4D4}.Debug|x86.ActiveCfg = Debug|Win32
		{07FA5B94-1B95-41FB-9F51-47C6F507F4D4}.Debug|x86.Build.0 = Debug|Win32
		{07FA5B94-1B95-41FB-9F51-47C6F507F4D4}.Release|x64.ActiveCfg = Release|x64
		{07FA5B94-1B95-41FB-9F51-47C6F507F4D4}.Release|x64.Build.0 = Release|x64
		{07FA5B94-1B95-41FB-9F51-47C6F507F4D4}.Release|x86.ActiveCfg = Release|Win32
		{07FA5B94-1B95-41FB-9F51-47C6F507F4D4}.Release|x86.Build.0 = Release|Win32
		{8E08ADE4-5F9C-41A2-A147-3E3C2A522629}.Debug|x64.ActiveCfg = Debug|x64
		{8E08ADE4-5F9C-41A2-A147-3E3C2A522629}.Debug|x64.Build.0 = Debug|x64
		{8E08ADE4-5F9C-41A2-A147-3E3C2A522629}.Debug|x86.ActiveCfg = Debug|Win32
		{8E08ADE4-5F9C-41A2-A147-3E3C2A522629}.Debug|x86.Build.0 = Debug|Win32
		{8E08ADE4-5F9C-41A2-A147-3E3C2A522629}.Release|x64.ActiveCfg = Release|x64
		{8E08ADE4-5F9C-41A2-A147-3E3C2A522629}.Release|x64.Build.0 = Release|x64
		{8E08ADE4-5F9C-41A2-A147-3E3C2A522629}.Release|x86.ActiveCfg = Release|Win32
		{8E08ADE4-5F9C-41A2-A147-3E3C2A522629}.Release|x86.Build.0 = Release|Win32
		{15D66357-EC93-4CF3-9480-ECA16BA893C7}.Debug|x64.ActiveCfg = Debug|x64
		{15D66357-EC93-4CF3-9480-ECA16BA893C7}.Debug|x64.Build.0 = Debug|x64
		{15D66357-EC93-4CF3-9480-ECA16BA893C7}.Debug|x86.ActiveCfg = Debug|Win32
		{15D66357-EC93-4CF3-9480-ECA16BA893C7}.Debug|x86.Build.0 = Debug|Win32
		{15D66357-EC93-4CF3-9480-ECA16BA893C7}.Release|x64.ActiveCfg = Release|x64
		{15D66357-EC93-4CF3-9480-ECA16BA893C7}.Release|x64.Build.0 = Release|x64
		{15D66357-EC93-4CF3-9480-ECA16BA893C7}.Release|x86.ActiveCfg = Release|Win32
		{15D66357-EC93-4CF3-9480-ECA16BA893C7}.Release|x86.Build.0 = Release|Win32
		{E91D472D-167C-478C-A6F5-6A52458639F6}.Debug|x64.ActiveCfg = Debug|x64
		{E91D472D-167C-478C-A6F5-6A52458639F6}.Debug|x64.Build.0 = Debug|x64
		{E91D472D-167C-478C-A6F5-6A52458639F6}.Debug|x86.ActiveCfg = Debug|Win32
		{E91D472D-167C-478C-A6F5-6A52458639F6}.Debug|x86.Build.0 = Debug|Win32
		{E91D472D-167C-478C-A6F5-6A52458639F6}.Release|x64.ActiveCfg = Release|x64
		{E91D472D-167C-478C-A6F5-6A52458639F6}.Release|x64.Build.0 = Release|x64
		{E91D472D-167C-478C-A6F5-6A52458639F6}.Release|x86.ActiveCfg = Release|Win32
		{E91D472D-167C-478C-A6F5-6A52458639F6}.Release|x86.Build.0 = Release|Win32
		{493C24E1-A8AA-4DDD-977B-0C374490D771}.Debug|x64.ActiveCfg = Debug|x64
		{493C24E1-A8AA-4DDD-977B-0C374490D771}.Debug|x64.Build.0 = Debug|x64
		{493C24E1-A8AA-4DDD-977B-0C374490D771}.Debug|x86.ActiveCfg = Debug|Win32
		{493C24E1-A8AA-4DDD-977B-0C374490D771}.Debug|x86.Build.0 = Debug|Win32
		{493C24E1-A8AA-4DDD-977B-0C374490D771}.Release|x64.ActiveCfg = Release|x64
		{493C24E1-A8AA-4DDD-977B-0C374490D771}.Release|x64.Build.0 = Release|x64
		{493C24E1-A8AA-4DDD-977B-0C374490D771}.Release|x86.ActiveCfg = Release|Win32
		{493C24E1-A8AA-4DDD-977B-0C374490D771}.Release|x86.Build.0 = Release|Win32
		{FDB8597F-CBB6-4727-9B01-623684EFCF6F}.Debug|x64.ActiveCfg = Debug|x64
		{FDB8597F-CBB6-4727-9B01-623684EFCF6F}.Debug|x64.Build.0 = Debug|x64
		{FDB8597F-CBB6-4727-9B01-623684EFCF6F}.Debug|x86.ActiveCfg = Debug|Win32
		{FDB8597F-CBB6-4727-9B01-623684EFCF6F}.Debug|x86.Build.0 = Debug|Win32
		{FDB8597F-CBB6-4727-9B01-623684EFCF6F}.Release|x64.ActiveCfg = Release|x64
		{FDB8597F-CBB6-4727-9B01-623684EFCF6F}.Release|x64.Build.0 = Release|x64
		{FDB8597F-CBB6-4727-9B01-623684EFCF6F}.Release|x86.ActiveCfg = Release|Win32
		{FDB8597F-CBB6-4727-9B01-623684EFCF6F}.Release|x86.Build.0 = Release|Win32
		{5BF81BFD-0F7D-4A40-8261-4FB81A284A55}.Debug|x64.ActiveCfg = Debug|x64
		{5BF81BFD-0F7D-4A40-8261-4FB81A284A55}.Debug|x64.Build.0 = Debug|x64
		{5BF81BFD-0F7D-4A40-8261-4FB81A284A55}.Debug|x86.ActiveCfg = Debug|Win32
		{5BF81BFD-0F7D-4A40-8261-4FB81A284A55}.Debug|x86.Build.0 = Debug|Win32
		{5BF81BFD-0F7D-4A40-8261-4FB81A284A55}.Release|x64.ActiveCfg = Release|x64
		{5BF81BFD-0F7D-4A40-8261-4FB81A284A55}.Release|x64.Build.0 = Release|x64
		{5BF81BFD-0F7D-4A40-8261-4FB81A284A55}.Release|x86.ActiveCfg = Release|Win32
		{5BF81BFD-0F7D-4A40-8261-4FB81A284A55}.Release|x86.Build.0 = Release|Win32
		{B7188DF4-C9D2-44DA-8DFD-0EA08AE2BD17}.Debug|x64.ActiveCfg = Debug|x64
		{B7188DF4-C9D2-44DA-8DFD-0EA08AE2BD17}.Debug|x64.Build.0 = Debug|x64
		{B7188DF4-C9D2-44DA-8DFD-0EA08AE2BD17}.Debug|x86.ActiveCfg = Debug|Win32
		{B7188DF4-C9D2-44DA-8DFD-0EA08AE2BD17}.Debug|x86.Build.0 = Debug|Win32
		{B7188DF4-C9D2-44DA-8DFD-0EA08AE2BD17}.Release|x64.ActiveCfg = Release|x64
		{B7188DF4-C9D2-44DA-8DFD-0EA08AE2BD17}.Release|x64.Build.0 = Release|x64
		{B7188DF4-C9D2-44DA-8DFD-0EA08AE2BD17}.Release|x86.ActiveCfg = Release|Win32
		{B7188DF4-C9D2-44DA-8DFD-0EA08AE2BD17}.Release|x86.Build.0 = Release|Win32
		{98329529-3C12-4F7C-BCD3-8D7BE85B64A0}.Debug|x64.ActiveCfg = Debug|x64
		{98329529-3C12-4F7C-BCD3-8D7BE85B64A0}.Debug|x64.Build.0 = Debug|x64
		{98329529-3C12-4F7C-BCD3-8D7BE85B64A0}.Debug|x86.ActiveCfg = Debug|Win32
		{98329529-3C12-4F7C-BCD3-8D7BE85B64A0}.Debug|x86.Build.0 = Debug|Win32
		{98329529-3C12-4F7C-BCD3-8D7BE85B64A0}.Release|x64.ActiveCfg = Release|x64
		{98329529-3C12-4F7C-BCD3-8D7BE85B64A0}.Release|x64.Build.0 = Release|x64
		{98329529-3C12-4F7C-BCD3-8D7BE85B64A0}.Release|x86.ActiveCfg = Release|Win32
		{98329529-3C12-4F7C-BCD3-8D7BE85B64A0}.Release|x86.Build.0 = Release|Win32
		{A9992B97-9D0B-4A7B-9377-CCDEF3AEA99B}.Debug|x64.ActiveCfg = Debug|x64
		{A9992B97-9D0B-4A7B-9377-CCDEF3AEA99B}.Debug|x64.Build.0 = Debug|x64
		{A9992B97-9D0B-4A7B-9377-CCDEF3AEA99B}.Debug|x86.ActiveCfg = Debug|Win32
		{A9992B97-9D0B-4A7B-9377-CCDEF3AEA99B}.Debug|x86.Build.0 = Debug|Win32
		{A9992B97-9D0B-4A7B-9377-CCDEF3AEA99B}.Release|x64.ActiveCfg = Release|x64
		{A9992B97-9D0B-4A7B-9377-CCDEF3AEA99B}.Release|x64.Build.0 = Release|x64
		{A9992B97-9D0B-4A7B-9377-CCDEF3AEA99B}.Release|x86.ActiveCfg = Release|Win32
		{A9992B97-9D0B-4A7B-9377-CCDEF3AEA99B}.Release|x86.Build.0 = Release|Win32
		{AEED6A0A-77CF-4EE8-BF20-66B577152BCB}.Debug|x64.ActiveCfg = Debug|x64
		{AEED6A0A-77CF-4EE8-BF20-66B577152BCB}.Debug|x64.Build.0 = Debug|x64
		{AEED6A0A-77CF-4EE8-BF20-66B577152BCB}.Debug|x86.ActiveCfg = Debug|Win32
		{AEED6A0A-77CF-4EE8-BF20-66B577152BCB}.Debug|x86.Build.0 = Debug|Win32
		{AEED6A0A-77CF-4EE8-BF20-66B577152BCB}.Release|x64.ActiveCfg = Release|x64
		{AEED6A0A-77CF-4EE8-BF20-66B577152BCB}.Release|x64.Build.0 = Release|x64
		{AEED6A0A-77CF-4EE8-BF20-66B577152BCB}.Release|x86.ActiveCfg = Release|Win32
		{AEED6A0A-77CF-4EE8-BF20-66B577152BCB}.Release|x86.Build.0 = Release|Win32
	EndGlobalSection
	GlobalSection(SolutionProperties) = preSolution
		HideSolutionNode = FALSE
	EndGlobalSection
	GlobalSection(ExtensibilityGlobals) = postSolution
		SolutionGuid = {CA09171C-1441-4BA4-A80E-2D318CA4A040}
	EndGlobalSection
EndGlobal
