
Microsoft Visual Studio Solution File, Format Version 12.00
# Visual Studio Version 16
VisualStudioVersion = 16.0.29201.188
MinimumVisualStudioVersion = 10.0.40219.1
Project("{8BC9CEB8-8B4A-11D0-8D11-00A0C91BC942}") = "DcamAbort", "DcamAbort\DcamAbort.vcxproj", "{3A4ED622-7E0C-4314-9269-922D7E99DFAC}"
EndProject
Project("{8BC9CEB8-8B4A-11D0-8D11-00A0C91BC942}") = "DcamCapture", "DcamCapture\DcamCapture.vcxproj", "{8CD1D2E6-AB20-432D-A3C1-A736A9DD5AF5}"
EndProject
Project("{8BC9CEB8-8B4A-11D0-8D11-00A0C91BC942}") = "DcamCaptureSettings", "DcamCaptureSettings\DcamCaptureSettings.vcxproj", "{666F19C2-3593-4EA3-9F6D-3F6A863C1AD9}"
EndProject
Project("{8BC9CEB8-8B4A-11D0-8D11-00A0C91BC942}") = "DcamClose", "DcamClose\DcamClose.vcxproj", "{B1C266B7-6239-4BD6-B7D4-60E80F8B14B1}"
EndProject
Project("{8BC9CEB8-8B4A-11D0-8D11-00A0C91BC942}") = "DcamConfig", "DcamConfig\DcamConfig.vcxproj", "{714CD164-9107-4DEA-A78A-4CB3B936BF03}"
EndProject
Project("{8BC9CEB8-8B4A-11D0-8D11-00A0C91BC942}") = "DcamFireTrigger", "DcamFireTrigger\DcamFireTrigger.vcxproj", "{F44872F1-334C-47E6-BAC4-DA889774D21A}"
EndProject
Project("{8BC9CEB8-8B4A-11D0-8D11-00A0C91BC942}") = "DcamGetAllFrames", "DcamGetAllFrames\DcamGetAllFrames.vcxproj", "{B800E48B-C039-4B87-BC7D-2F417FA051E1}"
EndProject
Project("{8BC9CEB8-8B4A-11D0-8D11-00A0C91BC942}") = "DcamGetCameras", "DcamGetCameras\DcamGetCameras.vcxproj", "{2ECAF16D-1F25-4DF1-9C5B-D12FB6C11C8C}"
EndProject
Project("{8BC9CEB8-8B4A-11D0-8D11-00A0C91BC942}") = "DcamGetNewestFrame", "DcamGetNewestFrame\DcamGetNewestFrame.vcxproj", "{EA9B8C21-55A9-4EB8-B043-FD37C04C86F6}"
EndProject
Project("{8BC9CEB8-8B4A-11D0-8D11-00A0C91BC942}") = "DcamGetStatus", "DcamGetStatus\DcamGetStatus.vcxproj", "{636C9DE2-9BEB-4A45-BF7A-CFE90CF1B7FF}"
EndProject
Project("{8BC9CEB8-8B4A-11D0-8D11-00A0C91BC942}") = "DcamOpen", "DcamOpen\DcamOpen.vcxproj", "{18A6D90E-8E2B-4BA1-8A01-E216F617B1E4}"
EndProject
Project("{8BC9CEB8-8B4A-11D0-8D11-00A0C91BC942}") = "DcamSetBinning", "DcamSetBinning\DcamSetBinning.vcxproj", "{CE94EA3B-6855-4574-B566-A515BE098FB7}"
EndProject
Project("{8BC9CEB8-8B4A-11D0-8D11-00A0C91BC942}") = "DcamSetDefectCorrection", "DcamSetDefectCorrection\DcamSetDefectCorrection.vcxproj", "{18AF54EC-1E30-46BD-8C9A-FCD2BD9B23CF}"
EndProject
Project("{8BC9CEB8-8B4A-11D0-8D11-00A0C91BC942}") = "DcamSetExposureTime", "DcamSetExposureTime\DcamSetExposureTime.vcxproj", "{BEED5390-32A6-43A5-98F7-65FA8E102496}"
EndProject
Project("{8BC9CEB8-8B4A-11D0-8D11-00A0C91BC942}") = "DcamSetGain", "DcamSetGain\DcamSetGain.vcxproj", "{2A224DE5-8E36-4C0D-BF90-5B0B2BF60D4E}"
EndProject
Project("{8BC9CEB8-8B4A-11D0-8D11-00A0C91BC942}") = "DcamSetScanMode", "DcamSetScanMode\DcamSetScanMode.vcxproj", "{BABB65B6-93CD-4E60-8505-8ADC9CD26A25}"
EndProject
Project("{8BC9CEB8-8B4A-11D0-8D11-00A0C91BC942}") = "DcamSetSubArray", "DcamSetSubArray\DcamSetSubArray.vcxproj", "{BD8BED45-603B-4561-9DF0-0CC3B359D033}"
EndProject
Project("{8BC9CEB8-8B4A-11D0-8D11-00A0C91BC942}") = "DcamSetTriggerMode", "DcamSetTriggerMode\DcamSetTriggerMode.vcxproj", "{3D62ED64-448D-4478-89B3-7025DCE87EFA}"
EndProject
Project("{8BC9CEB8-8B4A-11D0-8D11-00A0C91BC942}") = "DcamSubarrayProp", "DcamSubarrayProp\DcamSubarrayProp.vcxproj", "{44F15B4C-BF6F-43B0-A10F-28588A6AA43E}"
EndProject
Project("{8BC9CEB8-8B4A-11D0-8D11-00A0C91BC942}") = "DcamWaitTest", "DcamWaitTest\DcamWaitTest.vcxproj", "{FA53862E-27EC-45D1-85C5-4E41098BFBDA}"
EndProject
Project("{8BC9CEB8-8B4A-11D0-8D11-00A0C91BC942}") = "DcamGetLastImageFast", "DcamGetLastImageFast\DcamGetLastImageFast.vcxproj", "{32C34500-0CC7-472F-83BA-DF5E1842C174}"
EndProject
Project("{8BC9CEB8-8B4A-11D0-8D11-00A0C91BC942}") = "DcamGetProperty", "DcamGetProperty\DcamGetProperty.vcxproj", "{78A703DA-CC61-4560-83F0-34AA9E599547}"
EndProject
Project("{8BC9CEB8-8B4A-11D0-8D11-00A0C91BC942}") = "DcamSetProperty", "DcamSetProperty\DcamSetProperty.vcxproj", "{A04A00EC-5E02-4E97-B0E4-655EE6EE702B}"
EndProject
Global
	GlobalSection(SolutionConfigurationPlatforms) = preSolution
		Debug|Win32 = Debug|Win32
		Debug|x64 = Debug|x64
		Release|Win32 = Release|Win32
		Release|x64 = Release|x64
	EndGlobalSection
	GlobalSection(ProjectConfigurationPlatforms) = postSolution
		{3A4ED622-7E0C-4314-9269-922D7E99DFAC}.Debug|Win32.ActiveCfg = Debug|Win32
		{3A4ED622-7E0C-4314-9269-922D7E99DFAC}.Debug|Win32.Build.0 = Debug|Win32
		{3A4ED622-7E0C-4314-9269-922D7E99DFAC}.Debug|x64.ActiveCfg = Debug|x64
		{3A4ED622-7E0C-4314-9269-922D7E99DFAC}.Debug|x64.Build.0 = Debug|x64
		{3A4ED622-7E0C-4314-9269-922D7E99DFAC}.Release|Win32.ActiveCfg = Release|Win32
		{3A4ED622-7E0C-4314-9269-922D7E99DFAC}.Release|Win32.Build.0 = Release|Win32
		{3A4ED622-7E0C-4314-9269-922D7E99DFAC}.Release|x64.ActiveCfg = Release|x64
		{3A4ED622-7E0C-4314-9269-922D7E99DFAC}.Release|x64.Build.0 = Release|x64
		{8CD1D2E6-AB20-432D-A3C1-A736A9DD5AF5}.Debug|Win32.ActiveCfg = Debug|Win32
		{8CD1D2E6-AB20-432D-A3C1-A736A9DD5AF5}.Debug|Win32.Build.0 = Debug|Win32
		{8CD1D2E6-AB20-432D-A3C1-A736A9DD5AF5}.Debug|x64.ActiveCfg = Debug|x64
		{8CD1D2E6-AB20-432D-A3C1-A736A9DD5AF5}.Debug|x64.Build.0 = Debug|x64
		{8CD1D2E6-AB20-432D-A3C1-A736A9DD5AF5}.Release|Win32.ActiveCfg = Release|Win32
		{8CD1D2E6-AB20-432D-A3C1-A736A9DD5AF5}.Release|Win32.Build.0 = Release|Win32
		{8CD1D2E6-AB20-432D-A3C1-A736A9DD5AF5}.Release|x64.ActiveCfg = Release|x64
		{8CD1D2E6-AB20-432D-A3C1-A736A9DD5AF5}.Release|x64.Build.0 = Release|x64
		{666F19C2-3593-4EA3-9F6D-3F6A863C1AD9}.Debug|Win32.ActiveCfg = Debug|Win32
		{666F19C2-3593-4EA3-9F6D-3F6A863C1AD9}.Debug|Win32.Build.0 = Debug|Win32
		{666F19C2-3593-4EA3-9F6D-3F6A863C1AD9}.Debug|x64.ActiveCfg = Debug|x64
		{666F19C2-3593-4EA3-9F6D-3F6A863C1AD9}.Debug|x64.Build.0 = Debug|x64
		{666F19C2-3593-4EA3-9F6D-3F6A863C1AD9}.Release|Win32.ActiveCfg = Release|Win32
		{666F19C2-3593-4EA3-9F6D-3F6A863C1AD9}.Release|Win32.Build.0 = Release|Win32
		{666F19C2-3593-4EA3-9F6D-3F6A863C1AD9}.Release|x64.ActiveCfg = Release|x64
		{666F19C2-3593-4EA3-9F6D-3F6A863C1AD9}.Release|x64.Build.0 = Release|x64
		{B1C266B7-6239-4BD6-B7D4-60E80F8B14B1}.Debug|Win32.ActiveCfg = Debug|Win32
		{B1C266B7-6239-4BD6-B7D4-60E80F8B14B1}.Debug|Win32.Build.0 = Debug|Win32
		{B1C266B7-6239-4BD6-B7D4-60E80F8B14B1}.Debug|x64.ActiveCfg = Debug|x64
		{B1C266B7-6239-4BD6-B7D4-60E80F8B14B1}.Debug|x64.Build.0 = Debug|x64
		{B1C266B7-6239-4BD6-B7D4-60E80F8B14B1}.Release|Win32.ActiveCfg = Release|Win32
		{B1C266B7-6239-4BD6-B7D4-60E80F8B14B1}.Release|Win32.Build.0 = Release|Win32
		{B1C266B7-6239-4BD6-B7D4-60E80F8B14B1}.Release|x64.ActiveCfg = Release|x64
		{B1C266B7-6239-4BD6-B7D4-60E80F8B14B1}.Release|x64.Build.0 = Release|x64
		{714CD164-9107-4DEA-A78A-4CB3B936BF03}.Debug|Win32.ActiveCfg = Debug|Win32
		{714CD164-9107-4DEA-A78A-4CB3B936BF03}.Debug|Win32.Build.0 = Debug|Win32
		{714CD164-9107-4DEA-A78A-4CB3B936BF03}.Debug|x64.ActiveCfg = Debug|x64
		{714CD164-9107-4DEA-A78A-4CB3B936BF03}.Debug|x64.Build.0 = Debug|x64
		{714CD164-9107-4DEA-A78A-4CB3B936BF03}.Release|Win32.ActiveCfg = Release|Win32
		{714CD164-9107-4DEA-A78A-4CB3B936BF03}.Release|Win32.Build.0 = Release|Win32
		{714CD164-9107-4DEA-A78A-4CB3B936BF03}.Release|x64.ActiveCfg = Release|x64
		{714CD164-9107-4DEA-A78A-4CB3B936BF03}.Release|x64.Build.0 = Release|x64
		{F44872F1-334C-47E6-BAC4-DA889774D21A}.Debug|Win32.ActiveCfg = Debug|Win32
		{F44872F1-334C-47E6-BAC4-DA889774D21A}.Debug|Win32.Build.0 = Debug|Win32
		{F44872F1-334C-47E6-BAC4-DA889774D21A}.Debug|x64.ActiveCfg = Debug|x64
		{F44872F1-334C-47E6-BAC4-DA889774D21A}.Debug|x64.Build.0 = Debug|x64
		{F44872F1-334C-47E6-BAC4-DA889774D21A}.Release|Win32.ActiveCfg = Release|Win32
		{F44872F1-334C-47E6-BAC4-DA889774D21A}.Release|Win32.Build.0 = Release|Win32
		{F44872F1-334C-47E6-BAC4-DA889774D21A}.Release|x64.ActiveCfg = Release|x64
		{F44872F1-334C-47E6-BAC4-DA889774D21A}.Release|x64.Build.0 = Release|x64
		{B800E48B-C039-4B87-BC7D-2F417FA051E1}.Debug|Win32.ActiveCfg = Debug|Win32
		{B800E48B-C039-4B87-BC7D-2F417FA051E1}.Debug|Win32.Build.0 = Debug|Win32
		{B800E48B-C039-4B87-BC7D-2F417FA051E1}.Debug|x64.ActiveCfg = Debug|x64
		{B800E48B-C039-4B87-BC7D-2F417FA051E1}.Debug|x64.Build.0 = Debug|x64
		{B800E48B-C039-4B87-BC7D-2F417FA051E1}.Release|Win32.ActiveCfg = Release|Win32
		{B800E48B-C039-4B87-BC7D-2F417FA051E1}.Release|Win32.Build.0 = Release|Win32
		{B800E48B-C039-4B87-BC7D-2F417FA051E1}.Release|x64.ActiveCfg = Release|x64
		{B800E48B-C039-4B87-BC7D-2F417FA051E1}.Release|x64.Build.0 = Release|x64
		{2ECAF16D-1F25-4DF1-9C5B-D12FB6C11C8C}.Debug|Win32.ActiveCfg = Debug|Win32
		{2ECAF16D-1F25-4DF1-9C5B-D12FB6C11C8C}.Debug|Win32.Build.0 = Debug|Win32
		{2ECAF16D-1F25-4DF1-9C5B-D12FB6C11C8C}.Debug|x64.ActiveCfg = Debug|x64
		{2ECAF16D-1F25-4DF1-9C5B-D12FB6C11C8C}.Debug|x64.Build.0 = Debug|x64
		{2ECAF16D-1F25-4DF1-9C5B-D12FB6C11C8C}.Release|Win32.ActiveCfg = Release|Win32
		{2ECAF16D-1F25-4DF1-9C5B-D12FB6C11C8C}.Release|Win32.Build.0 = Release|Win32
		{2ECAF16D-1F25-4DF1-9C5B-D12FB6C11C8C}.Release|x64.ActiveCfg = Release|x64
		{2ECAF16D-1F25-4DF1-9C5B-D12FB6C11C8C}.Release|x64.Build.0 = Release|x64
		{EA9B8C21-55A9-4EB8-B043-FD37C04C86F6}.Debug|Win32.ActiveCfg = Debug|Win32
		{EA9B8C21-55A9-4EB8-B043-FD37C04C86F6}.Debug|Win32.Build.0 = Debug|Win32
		{EA9B8C21-55A9-4EB8-B043-FD37C04C86F6}.Debug|x64.ActiveCfg = Debug|x64
		{EA9B8C21-55A9-4EB8-B043-FD37C04C86F6}.Debug|x64.Build.0 = Debug|x64
		{EA9B8C21-55A9-4EB8-B043-FD37C04C86F6}.Release|Win32.ActiveCfg = Release|Win32
		{EA9B8C21-55A9-4EB8-B043-FD37C04C86F6}.Release|Win32.Build.0 = Release|Win32
		{EA9B8C21-55A9-4EB8-B043-FD37C04C86F6}.Release|x64.ActiveCfg = Release|x64
		{EA9B8C21-55A9-4EB8-B043-FD37C04C86F6}.Release|x64.Build.0 = Release|x64
		{636C9DE2-9BEB-4A45-BF7A-CFE90CF1B7FF}.Debug|Win32.ActiveCfg = Debug|Win32
		{636C9DE2-9BEB-4A45-BF7A-CFE90CF1B7FF}.Debug|Win32.Build.0 = Debug|Win32
		{636C9DE2-9BEB-4A45-BF7A-CFE90CF1B7FF}.Debug|x64.ActiveCfg = Debug|x64
		{636C9DE2-9BEB-4A45-BF7A-CFE90CF1B7FF}.Debug|x64.Build.0 = Debug|x64
		{636C9DE2-9BEB-4A45-BF7A-CFE90CF1B7FF}.Release|Win32.ActiveCfg = Release|Win32
		{636C9DE2-9BEB-4A45-BF7A-CFE90CF1B7FF}.Release|Win32.Build.0 = Release|Win32
		{636C9DE2-9BEB-4A45-BF7A-CFE90CF1B7FF}.Release|x64.ActiveCfg = Release|x64
		{636C9DE2-9BEB-4A45-BF7A-CFE90CF1B7FF}.Release|x64.Build.0 = Release|x64
		{18A6D90E-8E2B-4BA1-8A01-E216F617B1E4}.Debug|Win32.ActiveCfg = Debug|Win32
		{18A6D90E-8E2B-4BA1-8A01-E216F617B1E4}.Debug|Win32.Build.0 = Debug|Win32
		{18A6D90E-8E2B-4BA1-8A01-E216F617B1E4}.Debug|x64.ActiveCfg = Debug|x64
		{18A6D90E-8E2B-4BA1-8A01-E216F617B1E4}.Debug|x64.Build.0 = Debug|x64
		{18A6D90E-8E2B-4BA1-8A01-E216F617B1E4}.Release|Win32.ActiveCfg = Release|Win32
		{18A6D90E-8E2B-4BA1-8A01-E216F617B1E4}.Release|Win32.Build.0 = Release|Win32
		{18A6D90E-8E2B-4BA1-8A01-E216F617B1E4}.Release|x64.ActiveCfg = Release|x64
		{18A6D90E-8E2B-4BA1-8A01-E216F617B1E4}.Release|x64.Build.0 = Release|x64
		{CE94EA3B-6855-4574-B566-A515BE098FB7}.Debug|Win32.ActiveCfg = Debug|Win32
		{CE94EA3B-6855-4574-B566-A515BE098FB7}.Debug|Win32.Build.0 = Debug|Win32
		{CE94EA3B-6855-4574-B566-A515BE098FB7}.Debug|x64.ActiveCfg = Debug|x64
		{CE94EA3B-6855-4574-B566-A515BE098FB7}.Debug|x64.Build.0 = Debug|x64
		{CE94EA3B-6855-4574-B566-A515BE098FB7}.Release|Win32.ActiveCfg = Release|Win32
		{CE94EA3B-6855-4574-B566-A515BE098FB7}.Release|Win32.Build.0 = Release|Win32
		{CE94EA3B-6855-4574-B566-A515BE098FB7}.Release|x64.ActiveCfg = Release|x64
		{CE94EA3B-6855-4574-B566-A515BE098FB7}.Release|x64.Build.0 = Release|x64
		{18AF54EC-1E30-46BD-8C9A-FCD2BD9B23CF}.Debug|Win32.ActiveCfg = Debug|Win32
		{18AF54EC-1E30-46BD-8C9A-FCD2BD9B23CF}.Debug|Win32.Build.0 = Debug|Win32
		{18AF54EC-1E30-46BD-8C9A-FCD2BD9B23CF}.Debug|x64.ActiveCfg = Debug|x64
		{18AF54EC-1E30-46BD-8C9A-FCD2BD9B23CF}.Debug|x64.Build.0 = Debug|x64
		{18AF54EC-1E30-46BD-8C9A-FCD2BD9B23CF}.Release|Win32.ActiveCfg = Release|Win32
		{18AF54EC-1E30-46BD-8C9A-FCD2BD9B23CF}.Release|Win32.Build.0 = Release|Win32
		{18AF54EC-1E30-46BD-8C9A-FCD2BD9B23CF}.Release|x64.ActiveCfg = Release|x64
		{18AF54EC-1E30-46BD-8C9A-FCD2BD9B23CF}.Release|x64.Build.0 = Release|x64
		{BEED5390-32A6-43A5-98F7-65FA8E102496}.Debug|Win32.ActiveCfg = Debug|Win32
		{BEED5390-32A6-43A5-98F7-65FA8E102496}.Debug|Win32.Build.0 = Debug|Win32
		{BEED5390-32A6-43A5-98F7-65FA8E102496}.Debug|x64.ActiveCfg = Debug|x64
		{BEED5390-32A6-43A5-98F7-65FA8E102496}.Debug|x64.Build.0 = Debug|x64
		{BEED5390-32A6-43A5-98F7-65FA8E102496}.Release|Win32.ActiveCfg = Release|Win32
		{BEED5390-32A6-43A5-98F7-65FA8E102496}.Release|Win32.Build.0 = Release|Win32
		{BEED5390-32A6-43A5-98F7-65FA8E102496}.Release|x64.ActiveCfg = Release|x64
		{BEED5390-32A6-43A5-98F7-65FA8E102496}.Release|x64.Build.0 = Release|x64
		{2A224DE5-8E36-4C0D-BF90-5B0B2BF60D4E}.Debug|Win32.ActiveCfg = Debug|Win32
		{2A224DE5-8E36-4C0D-BF90-5B0B2BF60D4E}.Debug|Win32.Build.0 = Debug|Win32
		{2A224DE5-8E36-4C0D-BF90-5B0B2BF60D4E}.Debug|x64.ActiveCfg = Debug|x64
		{2A224DE5-8E36-4C0D-BF90-5B0B2BF60D4E}.Debug|x64.Build.0 = Debug|x64
		{2A224DE5-8E36-4C0D-BF90-5B0B2BF60D4E}.Release|Win32.ActiveCfg = Release|Win32
		{2A224DE5-8E36-4C0D-BF90-5B0B2BF60D4E}.Release|Win32.Build.0 = Release|Win32
		{2A224DE5-8E36-4C0D-BF90-5B0B2BF60D4E}.Release|x64.ActiveCfg = Release|x64
		{2A224DE5-8E36-4C0D-BF90-5B0B2BF60D4E}.Release|x64.Build.0 = Release|x64
		{BABB65B6-93CD-4E60-8505-8ADC9CD26A25}.Debug|Win32.ActiveCfg = Debug|Win32
		{BABB65B6-93CD-4E60-8505-8ADC9CD26A25}.Debug|Win32.Build.0 = Debug|Win32
		{BABB65B6-93CD-4E60-8505-8ADC9CD26A25}.Debug|x64.ActiveCfg = Debug|x64
		{BABB65B6-93CD-4E60-8505-8ADC9CD26A25}.Debug|x64.Build.0 = Debug|x64
		{BABB65B6-93CD-4E60-8505-8ADC9CD26A25}.Release|Win32.ActiveCfg = Release|Win32
		{BABB65B6-93CD-4E60-8505-8ADC9CD26A25}.Release|Win32.Build.0 = Release|Win32
		{BABB65B6-93CD-4E60-8505-8ADC9CD26A25}.Release|x64.ActiveCfg = Release|x64
		{BABB65B6-93CD-4E60-8505-8ADC9CD26A25}.Release|x64.Build.0 = Release|x64
		{BD8BED45-603B-4561-9DF0-0CC3B359D033}.Debug|Win32.ActiveCfg = Debug|Win32
		{BD8BED45-603B-4561-9DF0-0CC3B359D033}.Debug|Win32.Build.0 = Debug|Win32
		{BD8BED45-603B-4561-9DF0-0CC3B359D033}.Debug|x64.ActiveCfg = Debug|x64
		{BD8BED45-603B-4561-9DF0-0CC3B359D033}.Debug|x64.Build.0 = Debug|x64
		{BD8BED45-603B-4561-9DF0-0CC3B359D033}.Release|Win32.ActiveCfg = Release|Win32
		{BD8BED45-603B-4561-9DF0-0CC3B359D033}.Release|Win32.Build.0 = Release|Win32
		{BD8BED45-603B-4561-9DF0-0CC3B359D033}.Release|x64.ActiveCfg = Release|x64
		{BD8BED45-603B-4561-9DF0-0CC3B359D033}.Release|x64.Build.0 = Release|x64
		{3D62ED64-448D-4478-89B3-7025DCE87EFA}.Debug|Win32.ActiveCfg = Debug|Win32
		{3D62ED64-448D-4478-89B3-7025DCE87EFA}.Debug|Win32.Build.0 = Debug|Win32
		{3D62ED64-448D-4478-89B3-7025DCE87EFA}.Debug|x64.ActiveCfg = Debug|x64
		{3D62ED64-448D-4478-89B3-7025DCE87EFA}.Debug|x64.Build.0 = Debug|x64
		{3D62ED64-448D-4478-89B3-7025DCE87EFA}.Release|Win32.ActiveCfg = Release|Win32
		{3D62ED64-448D-4478-89B3-7025DCE87EFA}.Release|Win32.Build.0 = Release|Win32
		{3D62ED64-448D-4478-89B3-7025DCE87EFA}.Release|x64.ActiveCfg = Release|x64
		{3D62ED64-448D-4478-89B3-7025DCE87EFA}.Release|x64.Build.0 = Release|x64
		{44F15B4C-BF6F-43B0-A10F-28588A6AA43E}.Debug|Win32.ActiveCfg = Debug|Win32
		{44F15B4C-BF6F-43B0-A10F-28588A6AA43E}.Debug|Win32.Build.0 = Debug|Win32
		{44F15B4C-BF6F-43B0-A10F-28588A6AA43E}.Debug|x64.ActiveCfg = Debug|x64
		{44F15B4C-BF6F-43B0-A10F-28588A6AA43E}.Debug|x64.Build.0 = Debug|x64
		{44F15B4C-BF6F-43B0-A10F-28588A6AA43E}.Release|Win32.ActiveCfg = Release|Win32
		{44F15B4C-BF6F-43B0-A10F-28588A6AA43E}.Release|Win32.Build.0 = Release|Win32
		{44F15B4C-BF6F-43B0-A10F-28588A6AA43E}.Release|x64.ActiveCfg = Release|x64
		{44F15B4C-BF6F-43B0-A10F-28588A6AA43E}.Release|x64.Build.0 = Release|x64
		{FA53862E-27EC-45D1-85C5-4E41098BFBDA}.Debug|Win32.ActiveCfg = Debug|Win32
		{FA53862E-27EC-45D1-85C5-4E41098BFBDA}.Debug|Win32.Build.0 = Debug|Win32
		{FA53862E-27EC-45D1-85C5-4E41098BFBDA}.Debug|x64.ActiveCfg = Debug|x64
		{FA53862E-27EC-45D1-85C5-4E41098BFBDA}.Debug|x64.Build.0 = Debug|x64
		{FA53862E-27EC-45D1-85C5-4E41098BFBDA}.Release|Win32.ActiveCfg = Release|Win32
		{FA53862E-27EC-45D1-85C5-4E41098BFBDA}.Release|Win32.Build.0 = Release|Win32
		{FA53862E-27EC-45D1-85C5-4E41098BFBDA}.Release|x64.ActiveCfg = Release|x64
		{FA53862E-27EC-45D1-85C5-4E41098BFBDA}.Release|x64.Build.0 = Release|x64
		{32C34500-0CC7-472F-83BA-DF5E1842C174}.Debug|Win32.ActiveCfg = Debug|Win32
		{32C34500-0CC7-472F-83BA-DF5E1842C174}.Debug|Win32.Build.0 = Debug|Win32
		{32C34500-0CC7-472F-83BA-DF5E1842C174}.Debug|x64.ActiveCfg = Debug|x64
		{32C34500-0CC7-472F-83BA-DF5E1842C174}.Debug|x64.Build.0 = Debug|x64
		{32C34500-0CC7-472F-83BA-DF5E1842C174}.Release|Win32.ActiveCfg = Release|Win32
		{32C34500-0CC7-472F-83BA-DF5E1842C174}.Release|Win32.Build.0 = Release|Win32
		{32C34500-0CC7-472F-83BA-DF5E1842C174}.Release|x64.ActiveCfg = Release|x64
		{32C34500-0CC7-472F-83BA-DF5E1842C174}.Release|x64.Build.0 = Release|x64
		{78A703DA-CC61-4560-83F0-34AA9E599547}.Debug|Win32.ActiveCfg = Debug|Win32
		{78A703DA-CC61-4560-83F0-34AA9E599547}.Debug|Win32.Build.0 = Debug|Win32
		{78A703DA-CC61-4560-83F0-34AA9E599547}.Debug|x64.ActiveCfg = Debug|x64
		{78A703DA-CC61-4560-83F0-34AA9E599547}.Debug|x64.Build.0 = Debug|x64
		{78A703DA-CC61-4560-83F0-34AA9E599547}.Release|Win32.ActiveCfg = Release|Win32
		{78A703DA-CC61-4560-83F0-34AA9E599547}.Release|Win32.Build.0 = Release|Win32
		{78A703DA-CC61-4560-83F0-34AA9E599547}.Release|x64.ActiveCfg = Release|x64
		{78A703DA-CC61-4560-83F0-34AA9E599547}.Release|x64.Build.0 = Release|x64
		{A04A00EC-5E02-4E97-B0E4-655EE6EE702B}.Debug|Win32.ActiveCfg = Debug|Win32
		{A04A00EC-5E02-4E97-B0E4-655EE6EE702B}.Debug|Win32.Build.0 = Debug|Win32
		{A04A00EC-5E02-4E97-B0E4-655EE6EE702B}.Debug|x64.ActiveCfg = Debug|x64
		{A04A00EC-5E02-4E97-B0E4-655EE6EE702B}.Debug|x64.Build.0 = Debug|x64
		{A04A00EC-5E02-4E97-B0E4-655EE6EE702B}.Release|Win32.ActiveCfg = Release|Win32
		{A04A00EC-5E02-4E97-B0E4-655EE6EE702B}.Release|Win32.Build.0 = Release|Win32
		{A04A00EC-5E02-4E97-B0E4-655EE6EE702B}.Release|x64.ActiveCfg = Release|x64
		{A04A00EC-5E02-4E97-B0E4-655EE6EE702B}.Release|x64.Build.0 = Release|x64
	EndGlobalSection
	GlobalSection(SolutionProperties) = preSolution
		HideSolutionNode = FALSE
	EndGlobalSection
	GlobalSection(ExtensibilityGlobals) = postSolution
		SolutionGuid = {DC7D2A80-49E1-43FB-8F87-E34DED0233B0}
	EndGlobalSection
EndGlobal
