
Microsoft Visual Studio Solution File, Format Version 12.00
# Visual Studio Version 16
VisualStudioVersion = 16.0.29201.188
MinimumVisualStudioVersion = 10.0.40219.1
Project("{8BC9CEB8-8B4A-11D0-8D11-00A0C91BC942}") = "DCAM4GetProperty", "DCAM4GetProperty\DCAM4GetProperty.vcxproj", "{66134B11-6B78-45AE-8D96-266D1432B979}"
EndProject
Project("{8BC9CEB8-8B4A-11D0-8D11-00A0C91BC942}") = "DCAM4Open", "DCAM4Open\DCAM4Open.vcxproj", "{5F4F834F-62C1-40CD-8897-82405D6DD5DE}"
EndProject
Project("{8BC9CEB8-8B4A-11D0-8D11-00A0C91BC942}") = "DCAM4Init", "DCAM4Init\DCAM4Init.vcxproj", "{8C62E349-0B18-4CD4-8F7A-349E301BA8C8}"
EndProject
Project("{8BC9CEB8-8B4A-11D0-8D11-00A0C91BC942}") = "DCAM4UnInit", "DCAM4UnInit\DCAM4UnInit.vcxproj", "{06C11282-A0C4-4BA0-88D6-30AF0E929361}"
EndProject
Project("{8BC9CEB8-8B4A-11D0-8D11-00A0C91BC942}") = "DCAM4SetProperty", "DCAM4SetProperty\DCAM4SetProperty.vcxproj", "{FD22A1C8-C44C-4853-9EC9-663D0C0BDDD0}"
EndProject
Project("{8BC9CEB8-8B4A-11D0-8D11-00A0C91BC942}") = "DCAM4Close", "DCAM4Close\DCAM4Close.vcxproj", "{6C71C0B0-A733-4989-8F64-B7CD9A2FBCB3}"
EndProject
Project("{8BC9CEB8-8B4A-11D0-8D11-00A0C91BC942}") = "DCAM4Status", "DCAM4Status\DCAM4Status.vcxproj", "{5CCE5A3F-1AE8-47E7-80DE-9DE69244D0C2}"
EndProject
Project("{8BC9CEB8-8B4A-11D0-8D11-00A0C91BC942}") = "DCAM4AllocMemory", "DCAM4AllocMemory\DCAM4AllocMemory.vcxproj", "{EB3AE039-A8A0-4029-8770-35D092E6CC41}"
EndProject
Project("{8BC9CEB8-8B4A-11D0-8D11-00A0C91BC942}") = "DCAM4StartCapture", "DCAM4StartCapture\DCAM4StartCapture.vcxproj", "{624DCB4C-54C4-4631-877E-C7E31A13EE3A}"
EndProject
Project("{8BC9CEB8-8B4A-11D0-8D11-00A0C91BC942}") = "DCAM4StopCapture", "DCAM4StopCapture\DCAM4StopCapture.vcxproj", "{049AB925-F988-4144-AE8F-B3401384E61C}"
EndProject
Project("{8BC9CEB8-8B4A-11D0-8D11-00A0C91BC942}") = "DCAM4CopyFrames", "DCAM4CopyFrames\DCAM4CopyFrames.vcxproj", "{701EE10B-CCD6-40CE-B954-24A32897E282}"
EndProject
Project("{8BC9CEB8-8B4A-11D0-8D11-00A0C91BC942}") = "DCAM4CopyLastFrame", "DCAM4CopyLastFrame\DCAM4CopyLastFrame.vcxproj", "{63D19E83-C772-43FF-B68B-1BB765E6163C}"
EndProject
Project("{8BC9CEB8-8B4A-11D0-8D11-00A0C91BC942}") = "DCAM4FireTrigger", "DCAM4FireTrigger\DCAM4FireTrigger.vcxproj", "{5B9E2129-CAEF-46A7-9573-F8536C6A353C}"
EndProject
Global
	GlobalSection(SolutionConfigurationPlatforms) = preSolution
		Debug|x64 = Debug|x64
		Debug|x86 = Debug|x86
		Release|x64 = Release|x64
		Release|x86 = Release|x86
	EndGlobalSection
	GlobalSection(ProjectConfigurationPlatforms) = postSolution
		{66134B11-6B78-45AE-8D96-266D1432B979}.Debug|x64.ActiveCfg = Debug|x64
		{66134B11-6B78-45AE-8D96-266D1432B979}.Debug|x64.Build.0 = Debug|x64
		{66134B11-6B78-45AE-8D96-266D1432B979}.Debug|x86.ActiveCfg = Debug|Win32
		{66134B11-6B78-45AE-8D96-266D1432B979}.Debug|x86.Build.0 = Debug|Win32
		{66134B11-6B78-45AE-8D96-266D1432B979}.Release|x64.ActiveCfg = Release|x64
		{66134B11-6B78-45AE-8D96-266D1432B979}.Release|x64.Build.0 = Release|x64
		{66134B11-6B78-45AE-8D96-266D1432B979}.Release|x86.ActiveCfg = Release|Win32
		{66134B11-6B78-45AE-8D96-266D1432B979}.Release|x86.Build.0 = Release|Win32
		{5F4F834F-62C1-40CD-8897-82405D6DD5DE}.Debug|x64.ActiveCfg = Debug|x64
		{5F4F834F-62C1-40CD-8897-82405D6DD5DE}.Debug|x64.Build.0 = Debug|x64
		{5F4F834F-62C1-40CD-8897-82405D6DD5DE}.Debug|x86.ActiveCfg = Debug|Win32
		{5F4F834F-62C1-40CD-8897-82405D6DD5DE}.Debug|x86.Build.0 = Debug|Win32
		{5F4F834F-62C1-40CD-8897-82405D6DD5DE}.Release|x64.ActiveCfg = Release|x64
		{5F4F834F-62C1-40CD-8897-82405D6DD5DE}.Release|x64.Build.0 = Release|x64
		{5F4F834F-62C1-40CD-8897-82405D6DD5DE}.Release|x86.ActiveCfg = Release|Win32
		{5F4F834F-62C1-40CD-8897-82405D6DD5DE}.Release|x86.Build.0 = Release|Win32
		{8C62E349-0B18-4CD4-8F7A-349E301BA8C8}.Debug|x64.ActiveCfg = Debug|x64
		{8C62E349-0B18-4CD4-8F7A-349E301BA8C8}.Debug|x64.Build.0 = Debug|x64
		{8C62E349-0B18-4CD4-8F7A-349E301BA8C8}.Debug|x86.ActiveCfg = Debug|Win32
		{8C62E349-0B18-4CD4-8F7A-349E301BA8C8}.Debug|x86.Build.0 = Debug|Win32
		{8C62E349-0B18-4CD4-8F7A-349E301BA8C8}.Release|x64.ActiveCfg = Release|x64
		{8C62E349-0B18-4CD4-8F7A-349E301BA8C8}.Release|x64.Build.0 = Release|x64
		{8C62E349-0B18-4CD4-8F7A-349E301BA8C8}.Release|x86.ActiveCfg = Release|Win32
		{8C62E349-0B18-4CD4-8F7A-349E301BA8C8}.Release|x86.Build.0 = Release|Win32
		{06C11282-A0C4-4BA0-88D6-30AF0E929361}.Debug|x64.ActiveCfg = Debug|x64
		{06C11282-A0C4-4BA0-88D6-30AF0E929361}.Debug|x64.Build.0 = Debug|x64
		{06C11282-A0C4-4BA0-88D6-30AF0E929361}.Debug|x86.ActiveCfg = Debug|Win32
		{06C11282-A0C4-4BA0-88D6-30AF0E929361}.Debug|x86.Build.0 = Debug|Win32
		{06C11282-A0C4-4BA0-88D6-30AF0E929361}.Release|x64.ActiveCfg = Release|x64
		{06C11282-A0C4-4BA0-88D6-30AF0E929361}.Release|x64.Build.0 = Release|x64
		{06C11282-A0C4-4BA0-88D6-30AF0E929361}.Release|x86.ActiveCfg = Release|Win32
		{06C11282-A0C4-4BA0-88D6-30AF0E929361}.Release|x86.Build.0 = Release|Win32
		{FD22A1C8-C44C-4853-9EC9-663D0C0BDDD0}.Debug|x64.ActiveCfg = Debug|x64
		{FD22A1C8-C44C-4853-9EC9-663D0C0BDDD0}.Debug|x64.Build.0 = Debug|x64
		{FD22A1C8-C44C-4853-9EC9-663D0C0BDDD0}.Debug|x86.ActiveCfg = Debug|Win32
		{FD22A1C8-C44C-4853-9EC9-663D0C0BDDD0}.Debug|x86.Build.0 = Debug|Win32
		{FD22A1C8-C44C-4853-9EC9-663D0C0BDDD0}.Release|x64.ActiveCfg = Release|x64
		{FD22A1C8-C44C-4853-9EC9-663D0C0BDDD0}.Release|x64.Build.0 = Release|x64
		{FD22A1C8-C44C-4853-9EC9-663D0C0BDDD0}.Release|x86.ActiveCfg = Release|Win32
		{FD22A1C8-C44C-4853-9EC9-663D0C0BDDD0}.Release|x86.Build.0 = Release|Win32
		{6C71C0B0-A733-4989-8F64-B7CD9A2FBCB3}.Debug|x64.ActiveCfg = Debug|x64
		{6C71C0B0-A733-4989-8F64-B7CD9A2FBCB3}.Debug|x64.Build.0 = Debug|x64
		{6C71C0B0-A733-4989-8F64-B7CD9A2FBCB3}.Debug|x86.ActiveCfg = Debug|Win32
		{6C71C0B0-A733-4989-8F64-B7CD9A2FBCB3}.Debug|x86.Build.0 = Debug|Win32
		{6C71C0B0-A733-4989-8F64-B7CD9A2FBCB3}.Release|x64.ActiveCfg = Release|x64
		{6C71C0B0-A733-4989-8F64-B7CD9A2FBCB3}.Release|x64.Build.0 = Release|x64
		{6C71C0B0-A733-4989-8F64-B7CD9A2FBCB3}.Release|x86.ActiveCfg = Release|Win32
		{6C71C0B0-A733-4989-8F64-B7CD9A2FBCB3}.Release|x86.Build.0 = Release|Win32
		{5CCE5A3F-1AE8-47E7-80DE-9DE69244D0C2}.Debug|x64.ActiveCfg = Debug|x64
		{5CCE5A3F-1AE8-47E7-80DE-9DE69244D0C2}.Debug|x64.Build.0 = Debug|x64
		{5CCE5A3F-1AE8-47E7-80DE-9DE69244D0C2}.Debug|x86.ActiveCfg = Debug|Win32
		{5CCE5A3F-1AE8-47E7-80DE-9DE69244D0C2}.Debug|x86.Build.0 = Debug|Win32
		{5CCE5A3F-1AE8-47E7-80DE-9DE69244D0C2}.Release|x64.ActiveCfg = Release|x64
		{5CCE5A3F-1AE8-47E7-80DE-9DE69244D0C2}.Release|x64.Build.0 = Release|x64
		{5CCE5A3F-1AE8-47E7-80DE-9DE69244D0C2}.Release|x86.ActiveCfg = Release|Win32
		{5CCE5A3F-1AE8-47E7-80DE-9DE69244D0C2}.Release|x86.Build.0 = Release|Win32
		{EB3AE039-A8A0-4029-8770-35D092E6CC41}.Debug|x64.ActiveCfg = Debug|x64
		{EB3AE039-A8A0-4029-8770-35D092E6CC41}.Debug|x64.Build.0 = Debug|x64
		{EB3AE039-A8A0-4029-8770-35D092E6CC41}.Debug|x86.ActiveCfg = Debug|Win32
		{EB3AE039-A8A0-4029-8770-35D092E6CC41}.Debug|x86.Build.0 = Debug|Win32
		{EB3AE039-A8A0-4029-8770-35D092E6CC41}.Release|x64.ActiveCfg = Release|x64
		{EB3AE039-A8A0-4029-8770-35D092E6CC41}.Release|x64.Build.0 = Release|x64
		{EB3AE039-A8A0-4029-8770-35D092E6CC41}.Release|x86.ActiveCfg = Release|Win32
		{EB3AE039-A8A0-4029-8770-35D092E6CC41}.Release|x86.Build.0 = Release|Win32
		{624DCB4C-54C4-4631-877E-C7E31A13EE3A}.Debug|x64.ActiveCfg = Debug|x64
		{624DCB4C-54C4-4631-877E-C7E31A13EE3A}.Debug|x64.Build.0 = Debug|x64
		{624DCB4C-54C4-4631-877E-C7E31A13EE3A}.Debug|x86.ActiveCfg = Debug|Win32
		{624DCB4C-54C4-4631-877E-C7E31A13EE3A}.Debug|x86.Build.0 = Debug|Win32
		{624DCB4C-54C4-4631-877E-C7E31A13EE3A}.Release|x64.ActiveCfg = Release|x64
		{624DCB4C-54C4-4631-877E-C7E31A13EE3A}.Release|x64.Build.0 = Release|x64
		{624DCB4C-54C4-4631-877E-C7E31A13EE3A}.Release|x86.ActiveCfg = Release|Win32
		{624DCB4C-54C4-4631-877E-C7E31A13EE3A}.Release|x86.Build.0 = Release|Win32
		{049AB925-F988-4144-AE8F-B3401384E61C}.Debug|x64.ActiveCfg = Debug|x64
		{049AB925-F988-4144-AE8F-B3401384E61C}.Debug|x64.Build.0 = Debug|x64
		{049AB925-F988-4144-AE8F-B3401384E61C}.Debug|x86.ActiveCfg = Debug|Win32
		{049AB925-F988-4144-AE8F-B3401384E61C}.Debug|x86.Build.0 = Debug|Win32
		{049AB925-F988-4144-AE8F-B3401384E61C}.Release|x64.ActiveCfg = Release|x64
		{049AB925-F988-4144-AE8F-B3401384E61C}.Release|x64.Build.0 = Release|x64
		{049AB925-F988-4144-AE8F-B3401384E61C}.Release|x86.ActiveCfg = Release|Win32
		{049AB925-F988-4144-AE8F-B3401384E61C}.Release|x86.Build.0 = Release|Win32
		{701EE10B-CCD6-40CE-B954-24A32897E282}.Debug|x64.ActiveCfg = Debug|x64
		{701EE10B-CCD6-40CE-B954-24A32897E282}.Debug|x64.Build.0 = Debug|x64
		{701EE10B-CCD6-40CE-B954-24A32897E282}.Debug|x86.ActiveCfg = Debug|Win32
		{701EE10B-CCD6-40CE-B954-24A32897E282}.Debug|x86.Build.0 = Debug|Win32
		{701EE10B-CCD6-40CE-B954-24A32897E282}.Release|x64.ActiveCfg = Release|x64
		{701EE10B-CCD6-40CE-B954-24A32897E282}.Release|x64.Build.0 = Release|x64
		{701EE10B-CCD6-40CE-B954-24A32897E282}.Release|x86.ActiveCfg = Release|Win32
		{701EE10B-CCD6-40CE-B954-24A32897E282}.Release|x86.Build.0 = Release|Win32
		{63D19E83-C772-43FF-B68B-1BB765E6163C}.Debug|x64.ActiveCfg = Debug|x64
		{63D19E83-C772-43FF-B68B-1BB765E6163C}.Debug|x64.Build.0 = Debug|x64
		{63D19E83-C772-43FF-B68B-1BB765E6163C}.Debug|x86.ActiveCfg = Debug|Win32
		{63D19E83-C772-43FF-B68B-1BB765E6163C}.Debug|x86.Build.0 = Debug|Win32
		{63D19E83-C772-43FF-B68B-1BB765E6163C}.Release|x64.ActiveCfg = Release|x64
		{63D19E83-C772-43FF-B68B-1BB765E6163C}.Release|x64.Build.0 = Release|x64
		{63D19E83-C772-43FF-B68B-1BB765E6163C}.Release|x86.ActiveCfg = Release|Win32
		{63D19E83-C772-43FF-B68B-1BB765E6163C}.Release|x86.Build.0 = Release|Win32
		{5B9E2129-CAEF-46A7-9573-F8536C6A353C}.Debug|x64.ActiveCfg = Debug|x64
		{5B9E2129-CAEF-46A7-9573-F8536C6A353C}.Debug|x64.Build.0 = Debug|x64
		{5B9E2129-CAEF-46A7-9573-F8536C6A353C}.Debug|x86.ActiveCfg = Debug|Win32
		{5B9E2129-CAEF-46A7-9573-F8536C6A353C}.Debug|x86.Build.0 = Debug|Win32
		{5B9E2129-CAEF-46A7-9573-F8536C6A353C}.Release|x64.ActiveCfg = Release|x64
		{5B9E2129-CAEF-46A7-9573-F8536C6A353C}.Release|x64.Build.0 = Release|x64
		{5B9E2129-CAEF-46A7-9573-F8536C6A353C}.Release|x86.ActiveCfg = Release|Win32
		{5B9E2129-CAEF-46A7-9573-F8536C6A353C}.Release|x86.Build.0 = Release|Win32
	EndGlobalSection
	GlobalSection(SolutionProperties) = preSolution
		HideSolutionNode = FALSE
	EndGlobalSection
	GlobalSection(ExtensibilityGlobals) = postSolution
		SolutionGuid = {789111B4-38B6-4C3A-87E2-D9EB327C1622}
	EndGlobalSection
EndGlobal
